
Microsoft Visual Studio Solution File, Format Version 12.00
# Visual Studio Version 16
VisualStudioVersion = 16.0.30104.148
MinimumVisualStudioVersion = 10.0.40219.1
Project("{9A19103F-16F7-4668-BE54-9A1E7A4F7556}") = "ComReader", "ComReader\ComReader.csproj", "{5D0F5C0E-CFE4-45DB-8A94-BF9B79AE0D0E}"
EndProject
Project("{FAE04EC0-301F-11D3-BF4B-00C04F79EFBC}") = "EventSender.UWP", "EventSender\EventSender.UWP\EventSender.UWP.csproj", "{51E1FA2B-613A-43D6-B1EC-781D6FF0374D}"
EndProject
Project("{FAE04EC0-301F-11D3-BF4B-00C04F79EFBC}") = "EventSender.Android", "EventSender\EventSender.Android\EventSender.Android.csproj", "{38EA3213-B394-424C-BD82-4FB07334E393}"
EndProject
Project("{FAE04EC0-301F-11D3-BF4B-00C04F79EFBC}") = "EventSender.iOS", "EventSender\EventSender.iOS\EventSender.iOS.csproj", "{B1EEF9B8-2C05-48F5-BEA1-991260958FAF}"
EndProject
Project("{FAE04EC0-301F-11D3-BF4B-00C04F79EFBC}") = "EventSender", "EventSender\EventSender\EventSender.csproj", "{450129FF-8FAF-462E-9F14-4872439413BE}"
EndProject
Global
	GlobalSection(SolutionConfigurationPlatforms) = preSolution
		Debug|Any CPU = Debug|Any CPU
		Debug|ARM = Debug|ARM
		Debug|iPhone = Debug|iPhone
		Debug|iPhoneSimulator = Debug|iPhoneSimulator
		Debug|x64 = Debug|x64
		Debug|x86 = Debug|x86
		Release|Any CPU = Release|Any CPU
		Release|ARM = Release|ARM
		Release|iPhone = Release|iPhone
		Release|iPhoneSimulator = Release|iPhoneSimulator
		Release|x64 = Release|x64
		Release|x86 = Release|x86
	EndGlobalSection
	GlobalSection(ProjectConfigurationPlatforms) = postSolution
		{5D0F5C0E-CFE4-45DB-8A94-BF9B79AE0D0E}.Debug|Any CPU.ActiveCfg = Debug|Any CPU
		{5D0F5C0E-CFE4-45DB-8A94-BF9B79AE0D0E}.Debug|Any CPU.Build.0 = Debug|Any CPU
		{5D0F5C0E-CFE4-45DB-8A94-BF9B79AE0D0E}.Debug|ARM.ActiveCfg = Debug|Any CPU
		{5D0F5C0E-CFE4-45DB-8A94-BF9B79AE0D0E}.Debug|ARM.Build.0 = Debug|Any CPU
		{5D0F5C0E-CFE4-45DB-8A94-BF9B79AE0D0E}.Debug|iPhone.ActiveCfg = Debug|Any CPU
		{5D0F5C0E-CFE4-45DB-8A94-BF9B79AE0D0E}.Debug|iPhone.Build.0 = Debug|Any CPU
		{5D0F5C0E-CFE4-45DB-8A94-BF9B79AE0D0E}.Debug|iPhoneSimulator.ActiveCfg = Debug|Any CPU
		{5D0F5C0E-CFE4-45DB-8A94-BF9B79AE0D0E}.Debug|iPhoneSimulator.Build.0 = Debug|Any CPU
		{5D0F5C0E-CFE4-45DB-8A94-BF9B79AE0D0E}.Debug|x64.ActiveCfg = Debug|Any CPU
		{5D0F5C0E-CFE4-45DB-8A94-BF9B79AE0D0E}.Debug|x64.Build.0 = Debug|Any CPU
		{5D0F5C0E-CFE4-45DB-8A94-BF9B79AE0D0E}.Debug|x86.ActiveCfg = Debug|Any CPU
		{5D0F5C0E-CFE4-45DB-8A94-BF9B79AE0D0E}.Debug|x86.Build.0 = Debug|Any CPU
		{5D0F5C0E-CFE4-45DB-8A94-BF9B79AE0D0E}.Release|Any CPU.ActiveCfg = Release|Any CPU
		{5D0F5C0E-CFE4-45DB-8A94-BF9B79AE0D0E}.Release|Any CPU.Build.0 = Release|Any CPU
		{5D0F5C0E-CFE4-45DB-8A94-BF9B79AE0D0E}.Release|ARM.ActiveCfg = Release|Any CPU
		{5D0F5C0E-CFE4-45DB-8A94-BF9B79AE0D0E}.Release|ARM.Build.0 = Release|Any CPU
		{5D0F5C0E-CFE4-45DB-8A94-BF9B79AE0D0E}.Release|iPhone.ActiveCfg = Release|Any CPU
		{5D0F5C0E-CFE4-45DB-8A94-BF9B79AE0D0E}.Release|iPhone.Build.0 = Release|Any CPU
		{5D0F5C0E-CFE4-45DB-8A94-BF9B79AE0D0E}.Release|iPhoneSimulator.ActiveCfg = Release|Any CPU
		{5D0F5C0E-CFE4-45DB-8A94-BF9B79AE0D0E}.Release|iPhoneSimulator.Build.0 = Release|Any CPU
		{5D0F5C0E-CFE4-45DB-8A94-BF9B79AE0D0E}.Release|x64.ActiveCfg = Release|Any CPU
		{5D0F5C0E-CFE4-45DB-8A94-BF9B79AE0D0E}.Release|x64.Build.0 = Release|Any CPU
		{5D0F5C0E-CFE4-45DB-8A94-BF9B79AE0D0E}.Release|x86.ActiveCfg = Release|Any CPU
		{5D0F5C0E-CFE4-45DB-8A94-BF9B79AE0D0E}.Release|x86.Build.0 = Release|Any CPU
		{51E1FA2B-613A-43D6-B1EC-781D6FF0374D}.Debug|Any CPU.ActiveCfg = Debug|x86
		{51E1FA2B-613A-43D6-B1EC-781D6FF0374D}.Debug|ARM.ActiveCfg = Debug|ARM
		{51E1FA2B-613A-43D6-B1EC-781D6FF0374D}.Debug|ARM.Build.0 = Debug|ARM
		{51E1FA2B-613A-43D6-B1EC-781D6FF0374D}.Debug|ARM.Deploy.0 = Debug|ARM
		{51E1FA2B-613A-43D6-B1EC-781D6FF0374D}.Debug|iPhone.ActiveCfg = Debug|x86
		{51E1FA2B-613A-43D6-B1EC-781D6FF0374D}.Debug|iPhoneSimulator.ActiveCfg = Debug|x86
		{51E1FA2B-613A-43D6-B1EC-781D6FF0374D}.Debug|x64.ActiveCfg = Debug|x64
		{51E1FA2B-613A-43D6-B1EC-781D6FF0374D}.Debug|x64.Build.0 = Debug|x64
		{51E1FA2B-613A-43D6-B1EC-781D6FF0374D}.Debug|x64.Deploy.0 = Debug|x64
		{51E1FA2B-613A-43D6-B1EC-781D6FF0374D}.Debug|x86.ActiveCfg = Debug|x86
		{51E1FA2B-613A-43D6-B1EC-781D6FF0374D}.Debug|x86.Build.0 = Debug|x86
		{51E1FA2B-613A-43D6-B1EC-781D6FF0374D}.Debug|x86.Deploy.0 = Debug|x86
		{51E1FA2B-613A-43D6-B1EC-781D6FF0374D}.Release|Any CPU.ActiveCfg = Release|x86
		{51E1FA2B-613A-43D6-B1EC-781D6FF0374D}.Release|ARM.ActiveCfg = Release|ARM
		{51E1FA2B-613A-43D6-B1EC-781D6FF0374D}.Release|ARM.Build.0 = Release|ARM
		{51E1FA2B-613A-43D6-B1EC-781D6FF0374D}.Release|ARM.Deploy.0 = Release|ARM
		{51E1FA2B-613A-43D6-B1EC-781D6FF0374D}.Release|iPhone.ActiveCfg = Release|x86
		{51E1FA2B-613A-43D6-B1EC-781D6FF0374D}.Release|iPhoneSimulator.ActiveCfg = Release|x86
		{51E1FA2B-613A-43D6-B1EC-781D6FF0374D}.Release|x64.ActiveCfg = Release|x64
		{51E1FA2B-613A-43D6-B1EC-781D6FF0374D}.Release|x64.Build.0 = Release|x64
		{51E1FA2B-613A-43D6-B1EC-781D6FF0374D}.Release|x64.Deploy.0 = Release|x64
		{51E1FA2B-613A-43D6-B1EC-781D6FF0374D}.Release|x86.ActiveCfg = Release|x86
		{51E1FA2B-613A-43D6-B1EC-781D6FF0374D}.Release|x86.Build.0 = Release|x86
		{51E1FA2B-613A-43D6-B1EC-781D6FF0374D}.Release|x86.Deploy.0 = Release|x86
		{38EA3213-B394-424C-BD82-4FB07334E393}.Debug|Any CPU.ActiveCfg = Debug|Any CPU
		{38EA3213-B394-424C-BD82-4FB07334E393}.Debug|Any CPU.Build.0 = Debug|Any CPU
		{38EA3213-B394-424C-BD82-4FB07334E393}.Debug|Any CPU.Deploy.0 = Debug|Any CPU
		{38EA3213-B394-424C-BD82-4FB07334E393}.Debug|ARM.ActiveCfg = Debug|Any CPU
		{38EA3213-B394-424C-BD82-4FB07334E393}.Debug|ARM.Build.0 = Debug|Any CPU
		{38EA3213-B394-424C-BD82-4FB07334E393}.Debug|ARM.Deploy.0 = Debug|Any CPU
		{38EA3213-B394-424C-BD82-4FB07334E393}.Debug|iPhone.ActiveCfg = Debug|Any CPU
		{38EA3213-B394-424C-BD82-4FB07334E393}.Debug|iPhone.Build.0 = Debug|Any CPU
		{38EA3213-B394-424C-BD82-4FB07334E393}.Debug|iPhone.Deploy.0 = Debug|Any CPU
		{38EA3213-B394-424C-BD82-4FB07334E393}.Debug|iPhoneSimulator.ActiveCfg = Debug|Any CPU
		{38EA3213-B394-424C-BD82-4FB07334E393}.Debug|iPhoneSimulator.Build.0 = Debug|Any CPU
		{38EA3213-B394-424C-BD82-4FB07334E393}.Debug|iPhoneSimulator.Deploy.0 = Debug|Any CPU
		{38EA3213-B394-424C-BD82-4FB07334E393}.Debug|x64.ActiveCfg = Debug|Any CPU
		{38EA3213-B394-424C-BD82-4FB07334E393}.Debug|x64.Build.0 = Debug|Any CPU
		{38EA3213-B394-424C-BD82-4FB07334E393}.Debug|x64.Deploy.0 = Debug|Any CPU
		{38EA3213-B394-424C-BD82-4FB07334E393}.Debug|x86.ActiveCfg = Debug|Any CPU
		{38EA3213-B394-424C-BD82-4FB07334E393}.Debug|x86.Build.0 = Debug|Any CPU
		{38EA3213-B394-424C-BD82-4FB07334E393}.Debug|x86.Deploy.0 = Debug|Any CPU
		{38EA3213-B394-424C-BD82-4FB07334E393}.Release|Any CPU.ActiveCfg = Release|Any CPU
		{38EA3213-B394-424C-BD82-4FB07334E393}.Release|Any CPU.Build.0 = Release|Any CPU
		{38EA3213-B394-424C-BD82-4FB07334E393}.Release|Any CPU.Deploy.0 = Release|Any CPU
		{38EA3213-B394-424C-BD82-4FB07334E393}.Release|ARM.ActiveCfg = Release|Any CPU
		{38EA3213-B394-424C-BD82-4FB07334E393}.Release|ARM.Build.0 = Release|Any CPU
		{38EA3213-B394-424C-BD82-4FB07334E393}.Release|ARM.Deploy.0 = Release|Any CPU
		{38EA3213-B394-424C-BD82-4FB07334E393}.Release|iPhone.ActiveCfg = Release|Any CPU
		{38EA3213-B394-424C-BD82-4FB07334E393}.Release|iPhone.Build.0 = Release|Any CPU
		{38EA3213-B394-424C-BD82-4FB07334E393}.Release|iPhone.Deploy.0 = Release|Any CPU
		{38EA3213-B394-424C-BD82-4FB07334E393}.Release|iPhoneSimulator.ActiveCfg = Release|Any CPU
		{38EA3213-B394-424C-BD82-4FB07334E393}.Release|iPhoneSimulator.Build.0 = Release|Any CPU
		{38EA3213-B394-424C-BD82-4FB07334E393}.Release|iPhoneSimulator.Deploy.0 = Release|Any CPU
		{38EA3213-B394-424C-BD82-4FB07334E393}.Release|x64.ActiveCfg = Release|Any CPU
		{38EA3213-B394-424C-BD82-4FB07334E393}.Release|x64.Build.0 = Release|Any CPU
		{38EA3213-B394-424C-BD82-4FB07334E393}.Release|x64.Deploy.0 = Release|Any CPU
		{38EA3213-B394-424C-BD82-4FB07334E393}.Release|x86.ActiveCfg = Release|Any CPU
		{38EA3213-B394-424C-BD82-4FB07334E393}.Release|x86.Build.0 = Release|Any CPU
		{38EA3213-B394-424C-BD82-4FB07334E393}.Release|x86.Deploy.0 = Release|Any CPU
		{B1EEF9B8-2C05-48F5-BEA1-991260958FAF}.Debug|Any CPU.ActiveCfg = Debug|iPhone
		{B1EEF9B8-2C05-48F5-BEA1-991260958FAF}.Debug|ARM.ActiveCfg = Debug|iPhone
		{B1EEF9B8-2C05-48F5-BEA1-991260958FAF}.Debug|iPhone.ActiveCfg = Debug|iPhone
		{B1EEF9B8-2C05-48F5-BEA1-991260958FAF}.Debug|iPhone.Build.0 = Debug|iPhone
		{B1EEF9B8-2C05-48F5-BEA1-991260958FAF}.Debug|iPhoneSimulator.ActiveCfg = Debug|iPhoneSimulator
		{B1EEF9B8-2C05-48F5-BEA1-991260958FAF}.Debug|iPhoneSimulator.Build.0 = Debug|iPhoneSimulator
		{B1EEF9B8-2C05-48F5-BEA1-991260958FAF}.Debug|x64.ActiveCfg = Debug|iPhone
		{B1EEF9B8-2C05-48F5-BEA1-991260958FAF}.Debug|x86.ActiveCfg = Debug|iPhone
		{B1EEF9B8-2C05-48F5-BEA1-991260958FAF}.Release|Any CPU.ActiveCfg = Release|iPhone
		{B1EEF9B8-2C05-48F5-BEA1-991260958FAF}.Release|ARM.ActiveCfg = Release|iPhone
		{B1EEF9B8-2C05-48F5-BEA1-991260958FAF}.Release|iPhone.ActiveCfg = Release|iPhone
		{B1EEF9B8-2C05-48F5-BEA1-991260958FAF}.Release|iPhone.Build.0 = Release|iPhone
		{B1EEF9B8-2C05-48F5-BEA1-991260958FAF}.Release|iPhoneSimulator.ActiveCfg = Release|iPhoneSimulator
		{B1EEF9B8-2C05-48F5-BEA1-991260958FAF}.Release|iPhoneSimulator.Build.0 = Release|iPhoneSimulator
		{B1EEF9B8-2C05-48F5-BEA1-991260958FAF}.Release|x64.ActiveCfg = Release|iPhone
		{B1EEF9B8-2C05-48F5-BEA1-991260958FAF}.Release|x86.ActiveCfg = Release|iPhone
		{450129FF-8FAF-462E-9F14-4872439413BE}.Debug|Any CPU.ActiveCfg = Debug|Any CPU
		{450129FF-8FAF-462E-9F14-4872439413BE}.Debug|Any CPU.Build.0 = Debug|Any CPU
		{450129FF-8FAF-462E-9F14-4872439413BE}.Debug|ARM.ActiveCfg = Debug|Any CPU
		{450129FF-8FAF-462E-9F14-4872439413BE}.Debug|ARM.Build.0 = Debug|Any CPU
		{450129FF-8FAF-462E-9F14-4872439413BE}.Debug|iPhone.ActiveCfg = Debug|Any CPU
		{450129FF-8FAF-462E-9F14-4872439413BE}.Debug|iPhone.Build.0 = Debug|Any CPU
		{450129FF-8FAF-462E-9F14-4872439413BE}.Debug|iPhoneSimulator.ActiveCfg = Debug|Any CPU
		{450129FF-8FAF-462E-9F14-4872439413BE}.Debug|iPhoneSimulator.Build.0 = Debug|Any CPU
		{450129FF-8FAF-462E-9F14-4872439413BE}.Debug|x64.ActiveCfg = Debug|Any CPU
		{450129FF-8FAF-462E-9F14-4872439413BE}.Debug|x64.Build.0 = Debug|Any CPU
		{450129FF-8FAF-462E-9F14-4872439413BE}.Debug|x86.ActiveCfg = Debug|Any CPU
		{450129FF-8FAF-462E-9F14-4872439413BE}.Debug|x86.Build.0 = Debug|Any CPU
		{450129FF-8FAF-462E-9F14-4872439413BE}.Release|Any CPU.ActiveCfg = Release|Any CPU
		{450129FF-8FAF-462E-9F14-4872439413BE}.Release|Any CPU.Build.0 = Release|Any CPU
		{450129FF-8FAF-462E-9F14-4872439413BE}.Release|ARM.ActiveCfg = Release|Any CPU
		{450129FF-8FAF-462E-9F14-4872439413BE}.Release|ARM.Build.0 = Release|Any CPU
		{450129FF-8FAF-462E-9F14-4872439413BE}.Release|iPhone.ActiveCfg = Release|Any CPU
		{450129FF-8FAF-462E-9F14-4872439413BE}.Release|iPhone.Build.0 = Release|Any CPU
		{450129FF-8FAF-462E-9F14-4872439413BE}.Release|iPhoneSimulator.ActiveCfg = Release|Any CPU
		{450129FF-8FAF-462E-9F14-4872439413BE}.Release|iPhoneSimulator.Build.0 = Release|Any CPU
		{450129FF-8FAF-462E-9F14-4872439413BE}.Release|x64.ActiveCfg = Release|Any CPU
		{450129FF-8FAF-462E-9F14-4872439413BE}.Release|x64.Build.0 = Release|Any CPU
		{450129FF-8FAF-462E-9F14-4872439413BE}.Release|x86.ActiveCfg = Release|Any CPU
		{450129FF-8FAF-462E-9F14-4872439413BE}.Release|x86.Build.0 = Release|Any CPU
	EndGlobalSection
	GlobalSection(SolutionProperties) = preSolution
		HideSolutionNode = FALSE
	EndGlobalSection
	GlobalSection(ExtensibilityGlobals) = postSolution
		SolutionGuid = {A5AEF3DB-5D0C-463B-B17D-0A865DA2445A}
	EndGlobalSection
EndGlobal
